{
  "lib/account-abstraction": {
    "tag": {
      "name": "v0.8.0",
      "rev": "4cbc06072cdc19fd60f285c5997f4f7f57a588de"
    }
  },
  "lib/openzeppelin-contracts": {
    "tag": {
      "name": "v5.4.0",
      "rev": "c64a1edb67b6e3f4a15cca8909c9482ad33a02b0"
    }
  },
  "lib/openzeppelin-contracts-upgradeable": {
    "tag": {
      "name": "v5.4.0",
      "rev": "e725abddf1e01cf05ace496e950fc8e243cc7cab"
    }
  }
}